[[package]]
category = "dev"
description = "Packrat parser interpreter"
name = "arpeggio"
optional = false
python-versions = "*"
version = "1.9.2"

[[package]]
category = "dev"
description = "Classes Without Boilerplate"
name = "attrs"
optional = false
python-versions = ">=2.7, !=3.0.*, !=3.1.*, !=3.2.*, !=3.3.*"
version = "19.3.0"

[package.extras]
azure-pipelines = ["coverage", "hypothesis", "pympler", "pytest (>=4.3.0)", "six", "zope.interface", "pytest-azurepipelines"]
dev = ["coverage", "hypothesis", "pympler", "pytest (>=4.3.0)", "six", "zope.interface", "sphinx", "pre-commit"]
docs = ["sphinx", "zope.interface"]
tests = ["coverage", "hypothesis", "pympler", "pytest (>=4.3.0)", "six", "zope.interface"]

[[package]]
category = "dev"
description = "A tool that automatically formats Python code to conform to the PEP 8 style guide"
name = "autopep8"
optional = false
python-versions = "*"
version = "1.5"

[package.dependencies]
pycodestyle = ">=2.5.0"

[[package]]
category = "dev"
description = "serialize all of python"
name = "dill"
optional = false
python-versions = ">=2.6, !=3.0.*"
version = "0.3.1.1"

[package.extras]
graph = ["objgraph (>=1.7.2)"]

[[package]]
category = "dev"
description = "HTTP/2-based RPC framework"
name = "grpcio"
optional = false
python-versions = "*"
version = "1.27.2"

[package.dependencies]
six = ">=1.5.2"

[[package]]
category = "dev"
description = "An ISO 8601 date/time/duration parser and formatter"
name = "isodate"
optional = false
python-versions = "*"
version = "0.6.0"

[package.dependencies]
six = "*"

[[package]]
category = "dev"
description = "Parse and manipulate version numbers."
name = "parver"
optional = false
python-versions = ">=2.7, !=3.0.*, !=3.1.*, !=3.2.*, !=3.3.*"
version = "0.3.0"

[package.dependencies]
arpeggio = ">=1.7,<2.0"
attrs = ">=17.4.0"
six = ">=1.13,<2.0"

[package.extras]
docstest = ["doc8", "sphinx", "sphinx-rtd-theme"]
pep8test = ["flake8", "pep8-naming"]
test = ["pytest", "hypothesis", "pretend"]

[[package]]
category = "dev"
description = "Protocol Buffers"
name = "protobuf"
optional = false
python-versions = "*"
version = "3.11.3"

[package.dependencies]
setuptools = "*"
six = ">=1.9"

[[package]]
category = "dev"
description = "Pulumi's Python SDK"
name = "pulumi"
optional = false
python-versions = "*"
version = "1.12.1"

[package.dependencies]
dill = ">=0.3.0"
grpcio = ">=1.9.1"
protobuf = ">=3.6.0"

[[package]]
category = "dev"
description = "A Pulumi package for creating and managing Microsoft Azure cloud resources."
name = "pulumi-azure"
optional = false
python-versions = "*"
version = "2.1.0"

[package.dependencies]
parver = ">=0.2.1"
pulumi = ">=1.0.0,<2.0.0"
semver = ">=2.8.1"

[[package]]
category = "dev"
description = "Python style guide checker"
name = "pycodestyle"
optional = false
python-versions = ">=2.7, !=3.0.*, !=3.1.*, !=3.2.*, !=3.3.*"
version = "2.5.0"

[[package]]
category = "dev"
description = "Python helper for Semantic Versioning (http://semver.org/)"
name = "semver"
optional = false
python-versions = ">=2.7, !=3.0.*, !=3.1.*, !=3.2.*, !=3.3.*"
version = "2.9.1"

[[package]]
category = "dev"
description = "Python 2 and 3 compatibility utilities"
name = "six"
optional = false
python-versions = ">=2.7, !=3.0.*, !=3.1.*, !=3.2.*"
version = "1.14.0"

[metadata]
content-hash = "afce16f2b36bc01a59908146f6990c03b35e8f36b510cea0d0b03e2f04849fc3"
python-versions = "^3.7"

[metadata.files]
arpeggio = [
    {file = "Arpeggio-1.9.2-py2.py3-none-any.whl", hash = "sha256:b9178917594bb9758002faed31e1e1c968b5ea7f2a8f78fd4a5b8fecaccfcfcd"},
    {file = "Arpeggio-1.9.2.tar.gz", hash = "sha256:948ce06163a48a72c97f4fe79ad3d1c1330b6fec4f22ece182fb60ef60bd022b"},
]
attrs = [
    {file = "attrs-19.3.0-py2.py3-none-any.whl", hash = "sha256:08a96c641c3a74e44eb59afb61a24f2cb9f4d7188748e76ba4bb5edfa3cb7d1c"},
    {file = "attrs-19.3.0.tar.gz", hash = "sha256:f7b7ce16570fe9965acd6d30101a28f62fb4a7f9e926b3bbc9b61f8b04247e72"},
]
autopep8 = [
    {file = "autopep8-1.5.tar.gz", hash = "sha256:0f592a0447acea0c2b0a9602be1e4e3d86db52badd2e3c84f0193bfd89fd3a43"},
]
dill = [
    {file = "dill-0.3.1.1.tar.gz", hash = "sha256:42d8ef819367516592a825746a18073ced42ca169ab1f5f4044134703e7a049c"},
]
grpcio = [
    {file = "grpcio-1.27.2-cp27-cp27m-macosx_10_9_x86_64.whl", hash = "sha256:dbec0a3a154dbf2eb85b38abaddf24964fa1c059ee0a4ad55d6f39211b1a4bca"},
    {file = "grpcio-1.27.2-cp27-cp27m-manylinux1_i686.whl", hash = "sha256:1ef949b15a1f5f30651532a9b54edf3bd7c0b699a10931505fa2c80b2d395942"},
    {file = "grpcio-1.27.2-cp27-cp27m-manylinux1_x86_64.whl", hash = "sha256:ed123037896a8db6709b8ad5acc0ed435453726ea0b63361d12de369624c2ab5"},
    {file = "grpcio-1.27.2-cp27-cp27m-manylinux2010_i686.whl", hash = "sha256:f9d632ce9fd485119c968ec6a7a343de698c5e014d17602ae2f110f1b05925ed"},
    {file = "grpcio-1.27.2-cp27-cp27m-manylinux2010_x86_64.whl", hash = "sha256:80c3d1ce8820dd819d1c9d6b63b6f445148480a831173b572a9174a55e7abd47"},
    {file = "grpcio-1.27.2-cp27-cp27m-win32.whl", hash = "sha256:07f82aefb4a56c7e1e52b78afb77d446847d27120a838a1a0489260182096045"},
    {file = "grpcio-1.27.2-cp27-cp27m-win_amd64.whl", hash = "sha256:28f27c64dd699b8b10f70da5f9320c1cffcaefca7dd76275b44571bd097f276c"},
    {file = "grpcio-1.27.2-cp27-cp27mu-linux_armv7l.whl", hash = "sha256:a25b84e10018875a0f294a7649d07c43e8bc3e6a821714e39e5cd607a36386d7"},
    {file = "grpcio-1.27.2-cp27-cp27mu-manylinux1_i686.whl", hash = "sha256:57949756a3ce1f096fa2b00f812755f5ab2effeccedb19feeb7d0deafa3d1de7"},
    {file = "grpcio-1.27.2-cp27-cp27mu-manylinux1_x86_64.whl", hash = "sha256:f3614dabd2cc8741850597b418bcf644d4f60e73615906c3acc407b78ff720b3"},
    {file = "grpcio-1.27.2-cp27-cp27mu-manylinux2010_i686.whl", hash = "sha256:25c77692ea8c0929d4ad400ea9c3dcbcc4936cee84e437e0ef80da58fa73d88a"},
    {file = "grpcio-1.27.2-cp27-cp27mu-manylinux2010_x86_64.whl", hash = "sha256:5dab393ab96b2ce4012823b2f2ed4ee907150424d2f02b97bd6f8dd8f17cc866"},
    {file = "grpcio-1.27.2-cp35-cp35m-linux_armv7l.whl", hash = "sha256:bb2987eb3af9bcf46019be39b82c120c3d35639a95bc4ee2d08f36ecdf469345"},
    {file = "grpcio-1.27.2-cp35-cp35m-macosx_10_7_intel.whl", hash = "sha256:6f328a3faaf81a2546a3022b3dfc137cc6d50d81082dbc0c94d1678943f05df3"},
    {file = "grpcio-1.27.2-cp35-cp35m-manylinux1_i686.whl", hash = "sha256:5ebc13451246de82f130e8ee7e723e8d7ae1827f14b7b0218867667b1b12c88d"},
    {file = "grpcio-1.27.2-cp35-cp35m-manylinux1_x86_64.whl", hash = "sha256:355bd7d7ce5ff2917d217f0e8ddac568cb7403e1ce1639b35a924db7d13a39b6"},
    {file = "grpcio-1.27.2-cp35-cp35m-manylinux2010_i686.whl", hash = "sha256:d1e5563e3b7f844dbc48d709c9e4a75647e11d0387cc1fa0c861d3e9d34bc844"},
    {file = "grpcio-1.27.2-cp35-cp35m-manylinux2010_x86_64.whl", hash = "sha256:1ec8fc865d8da6d0713e2092a27eee344cd54628b2c2065a0e77fff94df4ae00"},
    {file = "grpcio-1.27.2-cp35-cp35m-win32.whl", hash = "sha256:706e2dea3de33b0d8884c4d35ecd5911b4ff04d0697c4138096666ce983671a6"},
    {file = "grpcio-1.27.2-cp35-cp35m-win_amd64.whl", hash = "sha256:d18b4c8cacbb141979bb44355ee5813dd4d307e9d79b3a36d66eca7e0a203df8"},
    {file = "grpcio-1.27.2-cp36-cp36m-linux_armv7l.whl", hash = "sha256:02aef8ef1a5ac5f0836b543e462eb421df6048a7974211a906148053b8055ea6"},
    {file = "grpcio-1.27.2-cp36-cp36m-macosx_10_9_x86_64.whl", hash = "sha256:b78af4d42985ab3143d9882d0006f48d12f1bc4ba88e78f23762777c3ee64571"},
    {file = "grpcio-1.27.2-cp36-cp36m-manylinux1_i686.whl", hash = "sha256:9c0669ba9aebad540fb05a33beb7e659ea6e5ca35833fc5229c20f057db760e8"},
    {file = "grpcio-1.27.2-cp36-cp36m-manylinux1_x86_64.whl", hash = "sha256:68a149a0482d0bc697aac702ec6efb9d380e0afebf9484db5b7e634146528371"},
    {file = "grpcio-1.27.2-cp36-cp36m-manylinux2010_i686.whl", hash = "sha256:a71138366d57901597bfcc52af7f076ab61c046f409c7b429011cd68de8f9fe6"},
    {file = "grpcio-1.27.2-cp36-cp36m-manylinux2010_x86_64.whl", hash = "sha256:9e9cfe55dc7ac2aa47e0fd3285ff829685f96803197042c9d2f0fb44e4b39b2c"},
    {file = "grpcio-1.27.2-cp36-cp36m-win32.whl", hash = "sha256:d22c897b65b1408509099f1c3334bd3704f5e4eb7c0486c57d0e212f71cb8f54"},
    {file = "grpcio-1.27.2-cp36-cp36m-win_amd64.whl", hash = "sha256:c59b9280284b791377b3524c8e39ca7b74ae2881ba1a6c51b36f4f1bb94cee49"},
    {file = "grpcio-1.27.2-cp37-cp37m-macosx_10_9_x86_64.whl", hash = "sha256:6e545908bcc2ae28e5b190ce3170f92d0438cf26a82b269611390114de0106eb"},
    {file = "grpcio-1.27.2-cp37-cp37m-manylinux1_i686.whl", hash = "sha256:6db7ded10b82592c472eeeba34b9f12d7b0ab1e2dcad12f081b08ebdea78d7d6"},
    {file = "grpcio-1.27.2-cp37-cp37m-manylinux1_x86_64.whl", hash = "sha256:4d3b6e66f32528bf43ca2297caca768280a8e068820b1c3dca0fcf9f03c7d6f1"},
    {file = "grpcio-1.27.2-cp37-cp37m-manylinux2010_i686.whl", hash = "sha256:586d931736912865c9790c60ca2db29e8dc4eace160d5a79fec3e58df79a9386"},
    {file = "grpcio-1.27.2-cp37-cp37m-manylinux2010_x86_64.whl", hash = "sha256:c03ce53690fe492845e14f4ab7e67d5a429a06db99b226b5c7caa23081c1e2bb"},
    {file = "grpcio-1.27.2-cp37-cp37m-win32.whl", hash = "sha256:209927e65395feb449783943d62a3036982f871d7f4045fadb90b2d82b153ea8"},
    {file = "grpcio-1.27.2-cp37-cp37m-win_amd64.whl", hash = "sha256:9713578f187fb1c4d00ac554fe1edcc6b3ddd62f5d4eb578b81261115802df8e"},
    {file = "grpcio-1.27.2-cp38-cp38-macosx_10_9_x86_64.whl", hash = "sha256:b4efde5524579a9ce0459ca35a57a48ca878a4973514b8bb88cb80d7c9d34c85"},
    {file = "grpcio-1.27.2-cp38-cp38-manylinux1_i686.whl", hash = "sha256:fb62996c61eeff56b59ab8abfcaa0859ec2223392c03d6085048b576b567459b"},
    {file = "grpcio-1.27.2-cp38-cp38-manylinux1_x86_64.whl", hash = "sha256:a22daaf30037b8e59d6968c76fe0f7ff062c976c7a026e92fbefc4c4bf3fc5a4"},
    {file = "grpcio-1.27.2-cp38-cp38-manylinux2010_i686.whl", hash = "sha256:4a0a33ada3f6f94f855f92460896ef08c798dcc5f17d9364d1735c5adc9d7e4a"},
    {file = "grpcio-1.27.2-cp38-cp38-manylinux2010_x86_64.whl", hash = "sha256:8111b61eee12d7af5c58f82f2c97c2664677a05df9225ef5cbc2f25398c8c454"},
    {file = "grpcio-1.27.2-cp38-cp38-win32.whl", hash = "sha256:5121fa96c79fc0ec81825091d0be5c16865f834f41b31da40b08ee60552f9961"},
    {file = "grpcio-1.27.2-cp38-cp38-win_amd64.whl", hash = "sha256:1cff47297ee614e7ef66243dc34a776883ab6da9ca129ea114a802c5e58af5c1"},
    {file = "grpcio-1.27.2.tar.gz", hash = "sha256:5ae532b93cf9ce5a2a549b74a2c35e3b690b171ece9358519b3039c7b84c887e"},
]
isodate = [
    {file = "isodate-0.6.0-py2.py3-none-any.whl", hash = "sha256:aa4d33c06640f5352aca96e4b81afd8ab3b47337cc12089822d6f322ac772c81"},
    {file = "isodate-0.6.0.tar.gz", hash = "sha256:2e364a3d5759479cdb2d37cce6b9376ea504db2ff90252a2e5b7cc89cc9ff2d8"},
]
parver = [
    {file = "parver-0.3.0-py2.py3-none-any.whl", hash = "sha256:bb9d19637c17819e276b5cf04e2dbfb81c4e2136da8873cc70dcd0e4fd3d14a3"},
    {file = "parver-0.3.0.tar.gz", hash = "sha256:b57d94e6f389f9db399bfc3ee4c4066f4cfb374ffef5727d5ae6a9c04eb8d228"},
]
protobuf = [
    {file = "protobuf-3.11.3-cp27-cp27m-macosx_10_9_x86_64.whl", hash = "sha256:ef2c2e56aaf9ee914d3dccc3408d42661aaf7d9bb78eaa8f17b2e6282f214481"},
    {file = "protobuf-3.11.3-cp27-cp27mu-manylinux1_x86_64.whl", hash = "sha256:dd9aa4401c36785ea1b6fff0552c674bdd1b641319cb07ed1fe2392388e9b0d7"},
    {file = "protobuf-3.11.3-cp35-cp35m-macosx_10_9_intel.whl", hash = "sha256:310a7aca6e7f257510d0c750364774034272538d51796ca31d42c3925d12a52a"},
    {file = "protobuf-3.11.3-cp35-cp35m-manylinux1_x86_64.whl", hash = "sha256:e512b7f3a4dd780f59f1bf22c302740e27b10b5c97e858a6061772668cd6f961"},
    {file = "protobuf-3.11.3-cp35-cp35m-win32.whl", hash = "sha256:fdfb6ad138dbbf92b5dbea3576d7c8ba7463173f7d2cb0ca1bd336ec88ddbd80"},
    {file = "protobuf-3.11.3-cp35-cp35m-win_amd64.whl", hash = "sha256:e2f8a75261c26b2f5f3442b0525d50fd79a71aeca04b5ec270fc123536188306"},
    {file = "protobuf-3.11.3-cp36-cp36m-macosx_10_9_x86_64.whl", hash = "sha256:c40973a0aee65422d8cb4e7d7cbded95dfeee0199caab54d5ab25b63bce8135a"},
    {file = "protobuf-3.11.3-cp36-cp36m-manylinux1_x86_64.whl", hash = "sha256:adf0e4d57b33881d0c63bb11e7f9038f98ee0c3e334c221f0858f826e8fb0151"},
    {file = "protobuf-3.11.3-cp36-cp36m-win32.whl", hash = "sha256:0bae429443cc4748be2aadfdaf9633297cfaeb24a9a02d0ab15849175ce90fab"},
    {file = "protobuf-3.11.3-cp36-cp36m-win_amd64.whl", hash = "sha256:e11df1ac6905e81b815ab6fd518e79be0a58b5dc427a2cf7208980f30694b956"},
    {file = "protobuf-3.11.3-cp37-cp37m-macosx_10_9_x86_64.whl", hash = "sha256:7774bbbaac81d3ba86de646c39f154afc8156717972bf0450c9dbfa1dc8dbea2"},
    {file = "protobuf-3.11.3-cp37-cp37m-manylinux1_x86_64.whl", hash = "sha256:8eb9c93798b904f141d9de36a0ba9f9b73cc382869e67c9e642c0aba53b0fc07"},
    {file = "protobuf-3.11.3-cp37-cp37m-win32.whl", hash = "sha256:fac513a9dc2a74b99abd2e17109b53945e364649ca03d9f7a0b96aa8d1807d0a"},
    {file = "protobuf-3.11.3-cp37-cp37m-win_amd64.whl", hash = "sha256:82d7ac987715d8d1eb4068bf997f3053468e0ce0287e2729c30601feb6602fee"},
    {file = "protobuf-3.11.3-cp38-cp38-macosx_10_9_x86_64.whl", hash = "sha256:73152776dc75f335c476d11d52ec6f0f6925774802cd48d6189f4d5d7fe753f4"},
    {file = "protobuf-3.11.3-cp38-cp38-manylinux1_x86_64.whl", hash = "sha256:52e586072612c1eec18e1174f8e3bb19d08f075fc2e3f91d3b16c919078469d0"},
    {file = "protobuf-3.11.3-py2.7.egg", hash = "sha256:2affcaba328c4662f3bc3c0e9576ea107906b2c2b6422344cdad961734ff6b93"},
    {file = "protobuf-3.11.3-py2.py3-none-any.whl", hash = "sha256:24e3b6ad259544d717902777b33966a1a069208c885576254c112663e6a5bb0f"},
    {file = "protobuf-3.11.3.tar.gz", hash = "sha256:c77c974d1dadf246d789f6dad1c24426137c9091e930dbf50e0a29c1fcf00b1f"},
]
pulumi = [
    {file = "pulumi-1.12.1-py2.py3-none-any.whl", hash = "sha256:55b0f71851ea9afe95a06eace713dd6ea94436ce8675a93725ff88829dd2040f"},
]
pulumi-azure = [
    {file = "pulumi_azure-2.1.0.tar.gz", hash = "sha256:c0157c8bea5b3976eea75114ae969e3383d89aa44f92c93e1ee33124c48a6e66"},
]
pycodestyle = [
    {file = "pycodestyle-2.5.0-py2.py3-none-any.whl", hash = "sha256:95a2219d12372f05704562a14ec30bc76b05a5b297b21a5dfe3f6fac3491ae56"},
    {file = "pycodestyle-2.5.0.tar.gz", hash = "sha256:e40a936c9a450ad81df37f549d676d127b1b66000a6c500caa2b085bc0ca976c"},
]
semver = [
    {file = "semver-2.9.1-py2.py3-none-any.whl", hash = "sha256:095c3cba6d5433f21451101463b22cf831fe6996fcc8a603407fd8bea54f116b"},
    {file = "semver-2.9.1.tar.gz", hash = "sha256:723be40c74b6468861e0e3dbb80a41fc3b171a2a45bf956c245304773dc06055"},
]
six = [
    {file = "six-1.14.0-py2.py3-none-any.whl", hash = "sha256:8f3cd2e254d8f793e7f3d6d9df77b92252b52637291d0f0da013c76ea2724b6c"},
    {file = "six-1.14.0.tar.gz", hash = "sha256:236bdbdce46e6e6a3d61a337c0f8b763ca1e8717c03b369e87a7ec7ce1319c0a"},
]
