[[package]]
category = "main"
description = "The ADAL for Python library makes it easy for python application to authenticate to Azure Active Directory (AAD) in order to access AAD protected web resources."
name = "adal"
optional = false
python-versions = "*"
version = "1.2.2"

[package.dependencies]
PyJWT = ">=1.0.0"
cryptography = ">=1.1.0"
python-dateutil = ">=2.1.0"
requests = ">=2.0.0"

[[package]]
category = "dev"
description = "Packrat parser interpreter"
name = "arpeggio"
optional = false
python-versions = "*"
version = "1.9.2"

[[package]]
category = "dev"
description = "Classes Without Boilerplate"
name = "attrs"
optional = false
python-versions = ">=2.7, !=3.0.*, !=3.1.*, !=3.2.*, !=3.3.*"
version = "19.3.0"

[package.extras]
azure-pipelines = ["coverage", "hypothesis", "pympler", "pytest (>=4.3.0)", "six", "zope.interface", "pytest-azurepipelines"]
dev = ["coverage", "hypothesis", "pympler", "pytest (>=4.3.0)", "six", "zope.interface", "sphinx", "pre-commit"]
docs = ["sphinx", "zope.interface"]
tests = ["coverage", "hypothesis", "pympler", "pytest (>=4.3.0)", "six", "zope.interface"]

[[package]]
category = "dev"
description = "A tool that automatically formats Python code to conform to the PEP 8 style guide"
name = "autopep8"
optional = false
python-versions = "*"
version = "1.5"

[package.dependencies]
pycodestyle = ">=2.5.0"

[[package]]
category = "main"
description = "Microsoft Azure Client Library for Python (Common)"
name = "azure-common"
optional = false
python-versions = "*"
version = "1.1.25"

[[package]]
category = "main"
description = "Microsoft Azure Service Bus Client Library for Python"
name = "azure-servicebus"
optional = false
python-versions = "*"
version = "0.50.2"

[package.dependencies]
azure-common = ">=1.1,<2.0"
msrestazure = ">=0.4.32,<2.0.0"
uamqp = ">=1.2.5,<2.0.0"

[[package]]
category = "main"
description = "Python package for providing Mozilla's CA Bundle."
name = "certifi"
optional = false
python-versions = "*"
version = "2019.11.28"

[[package]]
category = "main"
description = "Foreign Function Interface for Python calling C code."
name = "cffi"
optional = false
python-versions = "*"
version = "1.14.0"

[package.dependencies]
pycparser = "*"

[[package]]
category = "main"
description = "Universal encoding detector for Python 2 and 3"
name = "chardet"
optional = false
python-versions = "*"
version = "3.0.4"

[[package]]
category = "main"
description = "cryptography is a package which provides cryptographic recipes and primitives to Python developers."
name = "cryptography"
optional = false
python-versions = ">=2.7,!=3.0.*,!=3.1.*,!=3.2.*,!=3.3.*"
version = "2.8"

[package.dependencies]
cffi = ">=1.8,<1.11.3 || >1.11.3"
six = ">=1.4.1"

[package.extras]
docs = ["sphinx (>=1.6.5,<1.8.0 || >1.8.0)", "sphinx-rtd-theme"]
docstest = ["doc8", "pyenchant (>=1.6.11)", "twine (>=1.12.0)", "sphinxcontrib-spelling (>=4.0.1)"]
idna = ["idna (>=2.1)"]
pep8test = ["flake8", "flake8-import-order", "pep8-naming"]
test = ["pytest (>=3.6.0,<3.9.0 || >3.9.0,<3.9.1 || >3.9.1,<3.9.2 || >3.9.2)", "pretend", "iso8601", "pytz", "hypothesis (>=1.11.4,<3.79.2 || >3.79.2)"]

[[package]]
category = "dev"
description = "serialize all of python"
name = "dill"
optional = false
python-versions = ">=2.6, !=3.0.*"
version = "0.3.1.1"

[package.extras]
graph = ["objgraph (>=1.7.2)"]

[[package]]
category = "dev"
description = "HTTP/2-based RPC framework"
name = "grpcio"
optional = false
python-versions = "*"
version = "1.27.2"

[package.dependencies]
six = ">=1.5.2"

[[package]]
category = "main"
description = "Internationalized Domain Names in Applications (IDNA)"
name = "idna"
optional = false
python-versions = ">=2.7, !=3.0.*, !=3.1.*, !=3.2.*, !=3.3.*"
version = "2.9"

[[package]]
category = "main"
description = "An ISO 8601 date/time/duration parser and formatter"
name = "isodate"
optional = false
python-versions = "*"
version = "0.6.0"

[package.dependencies]
six = "*"

[[package]]
category = "main"
description = "AutoRest swagger generator Python client runtime."
name = "msrest"
optional = false
python-versions = "*"
version = "0.6.11"

[package.dependencies]
certifi = ">=2017.4.17"
isodate = ">=0.6.0"
requests = ">=2.16,<3.0"
requests-oauthlib = ">=0.5.0"

[package.extras]
async = ["aiohttp (>=3.0)", "aiodns"]

[[package]]
category = "main"
description = "AutoRest swagger generator Python client runtime. Azure-specific module."
name = "msrestazure"
optional = false
python-versions = "*"
version = "0.6.2"

[package.dependencies]
adal = ">=0.6.0,<2.0.0"
msrest = ">=0.6.0,<2.0.0"

[[package]]
category = "main"
description = "A generic, spec-compliant, thorough implementation of the OAuth request-signing logic"
name = "oauthlib"
optional = false
python-versions = ">=2.7, !=3.0.*, !=3.1.*, !=3.2.*, !=3.3.*"
version = "3.1.0"

[package.extras]
rsa = ["cryptography"]
signals = ["blinker"]
signedtoken = ["cryptography", "pyjwt (>=1.0.0)"]

[[package]]
category = "dev"
description = "Parse and manipulate version numbers."
name = "parver"
optional = false
python-versions = ">=2.7, !=3.0.*, !=3.1.*, !=3.2.*, !=3.3.*"
version = "0.3.0"

[package.dependencies]
arpeggio = ">=1.7,<2.0"
attrs = ">=17.4.0"
six = ">=1.13,<2.0"

[package.extras]
docstest = ["doc8", "sphinx", "sphinx-rtd-theme"]
pep8test = ["flake8", "pep8-naming"]
test = ["pytest", "hypothesis", "pretend"]

[[package]]
category = "dev"
description = "Protocol Buffers"
name = "protobuf"
optional = false
python-versions = "*"
version = "3.11.3"

[package.dependencies]
setuptools = "*"
six = ">=1.9"

[[package]]
category = "dev"
description = "Pulumi's Python SDK"
name = "pulumi"
optional = false
python-versions = "*"
version = "1.12.1"

[package.dependencies]
dill = ">=0.3.0"
grpcio = ">=1.9.1"
protobuf = ">=3.6.0"

[[package]]
category = "dev"
description = "A Pulumi package for creating and managing Microsoft Azure cloud resources."
name = "pulumi-azure"
optional = false
python-versions = "*"
version = "2.1.0"

[package.dependencies]
parver = ">=0.2.1"
pulumi = ">=1.0.0,<2.0.0"
semver = ">=2.8.1"

[[package]]
category = "dev"
description = "Python style guide checker"
name = "pycodestyle"
optional = false
python-versions = ">=2.7, !=3.0.*, !=3.1.*, !=3.2.*, !=3.3.*"
version = "2.5.0"

[[package]]
category = "main"
description = "C parser in Python"
name = "pycparser"
optional = false
python-versions = ">=2.7, !=3.0.*, !=3.1.*, !=3.2.*, !=3.3.*"
version = "2.20"

[[package]]
category = "main"
description = "JSON Web Token implementation in Python"
name = "pyjwt"
optional = false
python-versions = "*"
version = "1.7.1"

[package.extras]
crypto = ["cryptography (>=1.4)"]
flake8 = ["flake8", "flake8-import-order", "pep8-naming"]
test = ["pytest (>=4.0.1,<5.0.0)", "pytest-cov (>=2.6.0,<3.0.0)", "pytest-runner (>=4.2,<5.0.0)"]

[[package]]
category = "main"
description = "Extensions to the standard Python datetime module"
name = "python-dateutil"
optional = false
python-versions = "!=3.0.*,!=3.1.*,!=3.2.*,>=2.7"
version = "2.8.1"

[package.dependencies]
six = ">=1.5"

[[package]]
category = "main"
description = "Python HTTP for Humans."
name = "requests"
optional = false
python-versions = ">=2.7, !=3.0.*, !=3.1.*, !=3.2.*, !=3.3.*, !=3.4.*"
version = "2.23.0"

[package.dependencies]
certifi = ">=2017.4.17"
chardet = ">=3.0.2,<4"
idna = ">=2.5,<3"
urllib3 = ">=1.21.1,<1.25.0 || >1.25.0,<1.25.1 || >1.25.1,<1.26"

[package.extras]
security = ["pyOpenSSL (>=0.14)", "cryptography (>=1.3.4)"]
socks = ["PySocks (>=1.5.6,<1.5.7 || >1.5.7)", "win-inet-pton"]

[[package]]
category = "main"
description = "OAuthlib authentication support for Requests."
name = "requests-oauthlib"
optional = false
python-versions = ">=2.7, !=3.0.*, !=3.1.*, !=3.2.*, !=3.3.*"
version = "1.3.0"

[package.dependencies]
oauthlib = ">=3.0.0"
requests = ">=2.0.0"

[package.extras]
rsa = ["oauthlib (>=3.0.0)"]

[[package]]
category = "dev"
description = "Python helper for Semantic Versioning (http://semver.org/)"
name = "semver"
optional = false
python-versions = ">=2.7, !=3.0.*, !=3.1.*, !=3.2.*, !=3.3.*"
version = "2.9.1"

[[package]]
category = "main"
description = "Python 2 and 3 compatibility utilities"
name = "six"
optional = false
python-versions = ">=2.7, !=3.0.*, !=3.1.*, !=3.2.*"
version = "1.14.0"

[[package]]
category = "main"
description = "AMQP 1.0 Client Library for Python"
name = "uamqp"
optional = false
python-versions = ">=2.7,!=3.0.*,!=3.1.*,!=3.2.*,!=3.3.*"
version = "1.2.6"

[package.dependencies]
certifi = ">=2017.4.17"
six = ">=1.0,<2.0"

[[package]]
category = "main"
description = "HTTP library with thread-safe connection pooling, file post, and more."
name = "urllib3"
optional = false
python-versions = ">=2.7, !=3.0.*, !=3.1.*, !=3.2.*, !=3.3.*, !=3.4.*, <4"
version = "1.25.8"

[package.extras]
brotli = ["brotlipy (>=0.6.0)"]
secure = ["pyOpenSSL (>=0.14)", "cryptography (>=1.3.4)", "idna (>=2.0.0)", "certifi", "ipaddress"]
socks = ["PySocks (>=1.5.6,<1.5.7 || >1.5.7,<2.0)"]

[metadata]
content-hash = "68dfede572f7160ce60a2495379fad172b6bd9e69990adb6ee3b39db9ba9e9f2"
python-versions = "^3.7"

[metadata.files]
adal = [
    {file = "adal-1.2.2-py2.py3-none-any.whl", hash = "sha256:fd17e5661f60634ddf96a569b95d34ccb8a98de60593d729c28bdcfe360eaad1"},
    {file = "adal-1.2.2.tar.gz", hash = "sha256:5a7f1e037c6290c6d7609cab33a9e5e988c2fbec5c51d1c4c649ee3faff37eaf"},
]
arpeggio = [
    {file = "Arpeggio-1.9.2-py2.py3-none-any.whl", hash = "sha256:b9178917594bb9758002faed31e1e1c968b5ea7f2a8f78fd4a5b8fecaccfcfcd"},
    {file = "Arpeggio-1.9.2.tar.gz", hash = "sha256:948ce06163a48a72c97f4fe79ad3d1c1330b6fec4f22ece182fb60ef60bd022b"},
]
attrs = [
    {file = "attrs-19.3.0-py2.py3-none-any.whl", hash = "sha256:08a96c641c3a74e44eb59afb61a24f2cb9f4d7188748e76ba4bb5edfa3cb7d1c"},
    {file = "attrs-19.3.0.tar.gz", hash = "sha256:f7b7ce16570fe9965acd6d30101a28f62fb4a7f9e926b3bbc9b61f8b04247e72"},
]
autopep8 = [
    {file = "autopep8-1.5.tar.gz", hash = "sha256:0f592a0447acea0c2b0a9602be1e4e3d86db52badd2e3c84f0193bfd89fd3a43"},
]
azure-common = [
    {file = "azure-common-1.1.25.zip", hash = "sha256:ce0f1013e6d0e9faebaf3188cc069f4892fc60a6ec552e3f817c1a2f92835054"},
    {file = "azure_common-1.1.25-py2.py3-none-any.whl", hash = "sha256:fd02e4256dc9cdd2d4422bc795bdca2ef302f7a86148b154fbf4ea1f09da400a"},
]
azure-servicebus = [
    {file = "azure-servicebus-0.50.2.zip", hash = "sha256:836649d510aa2b7467bc87d8dab18f2db917b63aa2fe8f3e5d0bb44011e465f5"},
    {file = "azure_servicebus-0.50.2-py2.py3-none-any.whl", hash = "sha256:41c4eb6ff744ab2edd6f97b4d6356b9434454743485f511de8a7f1b72c4df4b6"},
]
certifi = [
    {file = "certifi-2019.11.28-py2.py3-none-any.whl", hash = "sha256:017c25db2a153ce562900032d5bc68e9f191e44e9a0f762f373977de9df1fbb3"},
    {file = "certifi-2019.11.28.tar.gz", hash = "sha256:25b64c7da4cd7479594d035c08c2d809eb4aab3a26e5a990ea98cc450c320f1f"},
]
cffi = [
    {file = "cffi-1.14.0-cp27-cp27m-macosx_10_9_x86_64.whl", hash = "sha256:1cae98a7054b5c9391eb3249b86e0e99ab1e02bb0cc0575da191aedadbdf4384"},
    {file = "cffi-1.14.0-cp27-cp27m-manylinux1_i686.whl", hash = "sha256:cf16e3cf6c0a5fdd9bc10c21687e19d29ad1fe863372b5543deaec1039581a30"},
    {file = "cffi-1.14.0-cp27-cp27m-manylinux1_x86_64.whl", hash = "sha256:f2b0fa0c01d8a0c7483afd9f31d7ecf2d71760ca24499c8697aeb5ca37dc090c"},
    {file = "cffi-1.14.0-cp27-cp27m-win32.whl", hash = "sha256:99f748a7e71ff382613b4e1acc0ac83bf7ad167fb3802e35e90d9763daba4d78"},
    {file = "cffi-1.14.0-cp27-cp27m-win_amd64.whl", hash = "sha256:c420917b188a5582a56d8b93bdd8e0f6eca08c84ff623a4c16e809152cd35793"},
    {file = "cffi-1.14.0-cp27-cp27mu-manylinux1_i686.whl", hash = "sha256:399aed636c7d3749bbed55bc907c3288cb43c65c4389964ad5ff849b6370603e"},
    {file = "cffi-1.14.0-cp27-cp27mu-manylinux1_x86_64.whl", hash = "sha256:cab50b8c2250b46fe738c77dbd25ce017d5e6fb35d3407606e7a4180656a5a6a"},
    {file = "cffi-1.14.0-cp35-cp35m-macosx_10_9_x86_64.whl", hash = "sha256:001bf3242a1bb04d985d63e138230802c6c8d4db3668fb545fb5005ddf5bb5ff"},
    {file = "cffi-1.14.0-cp35-cp35m-manylinux1_i686.whl", hash = "sha256:e56c744aa6ff427a607763346e4170629caf7e48ead6921745986db3692f987f"},
    {file = "cffi-1.14.0-cp35-cp35m-manylinux1_x86_64.whl", hash = "sha256:b8c78301cefcf5fd914aad35d3c04c2b21ce8629b5e4f4e45ae6812e461910fa"},
    {file = "cffi-1.14.0-cp35-cp35m-win32.whl", hash = "sha256:8c0ffc886aea5df6a1762d0019e9cb05f825d0eec1f520c51be9d198701daee5"},
    {file = "cffi-1.14.0-cp35-cp35m-win_amd64.whl", hash = "sha256:8a6c688fefb4e1cd56feb6c511984a6c4f7ec7d2a1ff31a10254f3c817054ae4"},
    {file = "cffi-1.14.0-cp36-cp36m-macosx_10_9_x86_64.whl", hash = "sha256:95cd16d3dee553f882540c1ffe331d085c9e629499ceadfbda4d4fde635f4b7d"},
    {file = "cffi-1.14.0-cp36-cp36m-manylinux1_i686.whl", hash = "sha256:66e41db66b47d0d8672d8ed2708ba91b2f2524ece3dee48b5dfb36be8c2f21dc"},
    {file = "cffi-1.14.0-cp36-cp36m-manylinux1_x86_64.whl", hash = "sha256:028a579fc9aed3af38f4892bdcc7390508adabc30c6af4a6e4f611b0c680e6ac"},
    {file = "cffi-1.14.0-cp36-cp36m-win32.whl", hash = "sha256:cef128cb4d5e0b3493f058f10ce32365972c554572ff821e175dbc6f8ff6924f"},
    {file = "cffi-1.14.0-cp36-cp36m-win_amd64.whl", hash = "sha256:337d448e5a725bba2d8293c48d9353fc68d0e9e4088d62a9571def317797522b"},
    {file = "cffi-1.14.0-cp37-cp37m-macosx_10_9_x86_64.whl", hash = "sha256:e577934fc5f8779c554639376beeaa5657d54349096ef24abe8c74c5d9c117c3"},
    {file = "cffi-1.14.0-cp37-cp37m-manylinux1_i686.whl", hash = "sha256:62ae9af2d069ea2698bf536dcfe1e4eed9090211dbaafeeedf5cb6c41b352f66"},
    {file = "cffi-1.14.0-cp37-cp37m-manylinux1_x86_64.whl", hash = "sha256:14491a910663bf9f13ddf2bc8f60562d6bc5315c1f09c704937ef17293fb85b0"},
    {file = "cffi-1.14.0-cp37-cp37m-win32.whl", hash = "sha256:c43866529f2f06fe0edc6246eb4faa34f03fe88b64a0a9a942561c8e22f4b71f"},
    {file = "cffi-1.14.0-cp37-cp37m-win_amd64.whl", hash = "sha256:2089ed025da3919d2e75a4d963d008330c96751127dd6f73c8dc0c65041b4c26"},
    {file = "cffi-1.14.0-cp38-cp38-macosx_10_9_x86_64.whl", hash = "sha256:3b911c2dbd4f423b4c4fcca138cadde747abdb20d196c4a48708b8a2d32b16dd"},
    {file = "cffi-1.14.0-cp38-cp38-manylinux1_i686.whl", hash = "sha256:7e63cbcf2429a8dbfe48dcc2322d5f2220b77b2e17b7ba023d6166d84655da55"},
    {file = "cffi-1.14.0-cp38-cp38-manylinux1_x86_64.whl", hash = "sha256:3d311bcc4a41408cf5854f06ef2c5cab88f9fded37a3b95936c9879c1640d4c2"},
    {file = "cffi-1.14.0-cp38-cp38-win32.whl", hash = "sha256:675686925a9fb403edba0114db74e741d8181683dcf216be697d208857e04ca8"},
    {file = "cffi-1.14.0-cp38-cp38-win_amd64.whl", hash = "sha256:00789914be39dffba161cfc5be31b55775de5ba2235fe49aa28c148236c4e06b"},
    {file = "cffi-1.14.0.tar.gz", hash = "sha256:2d384f4a127a15ba701207f7639d94106693b6cd64173d6c8988e2c25f3ac2b6"},
]
chardet = [
    {file = "chardet-3.0.4-py2.py3-none-any.whl", hash = "sha256:fc323ffcaeaed0e0a02bf4d117757b98aed530d9ed4531e3e15460124c106691"},
    {file = "chardet-3.0.4.tar.gz", hash = "sha256:84ab92ed1c4d4f16916e05906b6b75a6c0fb5db821cc65e70cbd64a3e2a5eaae"},
]
cryptography = [
    {file = "cryptography-2.8-cp27-cp27m-macosx_10_6_intel.whl", hash = "sha256:fb81c17e0ebe3358486cd8cc3ad78adbae58af12fc2bf2bc0bb84e8090fa5ce8"},
    {file = "cryptography-2.8-cp27-cp27m-manylinux1_x86_64.whl", hash = "sha256:44ff04138935882fef7c686878e1c8fd80a723161ad6a98da31e14b7553170c2"},
    {file = "cryptography-2.8-cp27-cp27m-manylinux2010_x86_64.whl", hash = "sha256:369d2346db5934345787451504853ad9d342d7f721ae82d098083e1f49a582ad"},
    {file = "cryptography-2.8-cp27-cp27m-win32.whl", hash = "sha256:df6b4dca2e11865e6cfbfb708e800efb18370f5a46fd601d3755bc7f85b3a8a2"},
    {file = "cryptography-2.8-cp27-cp27m-win_amd64.whl", hash = "sha256:7f09806ed4fbea8f51585231ba742b58cbcfbfe823ea197d8c89a5e433c7e912"},
    {file = "cryptography-2.8-cp27-cp27mu-manylinux1_x86_64.whl", hash = "sha256:58363dbd966afb4f89b3b11dfb8ff200058fbc3b947507675c19ceb46104b48d"},
    {file = "cryptography-2.8-cp27-cp27mu-manylinux2010_x86_64.whl", hash = "sha256:6ec280fb24d27e3d97aa731e16207d58bd8ae94ef6eab97249a2afe4ba643d42"},
    {file = "cryptography-2.8-cp34-abi3-macosx_10_6_intel.whl", hash = "sha256:b43f53f29816ba1db8525f006fa6f49292e9b029554b3eb56a189a70f2a40879"},
    {file = "cryptography-2.8-cp34-abi3-manylinux1_x86_64.whl", hash = "sha256:7270a6c29199adc1297776937a05b59720e8a782531f1f122f2eb8467f9aab4d"},
    {file = "cryptography-2.8-cp34-abi3-manylinux2010_x86_64.whl", hash = "sha256:de96157ec73458a7f14e3d26f17f8128c959084931e8997b9e655a39c8fde9f9"},
    {file = "cryptography-2.8-cp34-cp34m-win32.whl", hash = "sha256:02079a6addc7b5140ba0825f542c0869ff4df9a69c360e339ecead5baefa843c"},
    {file = "cryptography-2.8-cp34-cp34m-win_amd64.whl", hash = "sha256:b0de590a8b0979649ebeef8bb9f54394d3a41f66c5584fff4220901739b6b2f0"},
    {file = "cryptography-2.8-cp35-cp35m-win32.whl", hash = "sha256:ecadccc7ba52193963c0475ac9f6fa28ac01e01349a2ca48509667ef41ffd2cf"},
    {file = "cryptography-2.8-cp35-cp35m-win_amd64.whl", hash = "sha256:90df0cc93e1f8d2fba8365fb59a858f51a11a394d64dbf3ef844f783844cc793"},
    {file = "cryptography-2.8-cp36-cp36m-win32.whl", hash = "sha256:1df22371fbf2004c6f64e927668734070a8953362cd8370ddd336774d6743595"},
    {file = "cryptography-2.8-cp36-cp36m-win_amd64.whl", hash = "sha256:a518c153a2b5ed6b8cc03f7ae79d5ffad7315ad4569b2d5333a13c38d64bd8d7"},
    {file = "cryptography-2.8-cp37-cp37m-win32.whl", hash = "sha256:4b1030728872c59687badcca1e225a9103440e467c17d6d1730ab3d2d64bfeff"},
    {file = "cryptography-2.8-cp37-cp37m-win_amd64.whl", hash = "sha256:d31402aad60ed889c7e57934a03477b572a03af7794fa8fb1780f21ea8f6551f"},
    {file = "cryptography-2.8-cp38-cp38-win32.whl", hash = "sha256:73fd30c57fa2d0a1d7a49c561c40c2f79c7d6c374cc7750e9ac7c99176f6428e"},
    {file = "cryptography-2.8-cp38-cp38-win_amd64.whl", hash = "sha256:971221ed40f058f5662a604bd1ae6e4521d84e6cad0b7b170564cc34169c8f13"},
    {file = "cryptography-2.8.tar.gz", hash = "sha256:3cda1f0ed8747339bbdf71b9f38ca74c7b592f24f65cdb3ab3765e4b02871651"},
]
dill = [
    {file = "dill-0.3.1.1.tar.gz", hash = "sha256:42d8ef819367516592a825746a18073ced42ca169ab1f5f4044134703e7a049c"},
]
grpcio = [
    {file = "grpcio-1.27.2-cp27-cp27m-macosx_10_9_x86_64.whl", hash = "sha256:dbec0a3a154dbf2eb85b38abaddf24964fa1c059ee0a4ad55d6f39211b1a4bca"},
    {file = "grpcio-1.27.2-cp27-cp27m-manylinux1_i686.whl", hash = "sha256:1ef949b15a1f5f30651532a9b54edf3bd7c0b699a10931505fa2c80b2d395942"},
    {file = "grpcio-1.27.2-cp27-cp27m-manylinux1_x86_64.whl", hash = "sha256:ed123037896a8db6709b8ad5acc0ed435453726ea0b63361d12de369624c2ab5"},
    {file = "grpcio-1.27.2-cp27-cp27m-manylinux2010_i686.whl", hash = "sha256:f9d632ce9fd485119c968ec6a7a343de698c5e014d17602ae2f110f1b05925ed"},
    {file = "grpcio-1.27.2-cp27-cp27m-manylinux2010_x86_64.whl", hash = "sha256:80c3d1ce8820dd819d1c9d6b63b6f445148480a831173b572a9174a55e7abd47"},
    {file = "grpcio-1.27.2-cp27-cp27m-win32.whl", hash = "sha256:07f82aefb4a56c7e1e52b78afb77d446847d27120a838a1a0489260182096045"},
    {file = "grpcio-1.27.2-cp27-cp27m-win_amd64.whl", hash = "sha256:28f27c64dd699b8b10f70da5f9320c1cffcaefca7dd76275b44571bd097f276c"},
    {file = "grpcio-1.27.2-cp27-cp27mu-linux_armv7l.whl", hash = "sha256:a25b84e10018875a0f294a7649d07c43e8bc3e6a821714e39e5cd607a36386d7"},
    {file = "grpcio-1.27.2-cp27-cp27mu-manylinux1_i686.whl", hash = "sha256:57949756a3ce1f096fa2b00f812755f5ab2effeccedb19feeb7d0deafa3d1de7"},
    {file = "grpcio-1.27.2-cp27-cp27mu-manylinux1_x86_64.whl", hash = "sha256:f3614dabd2cc8741850597b418bcf644d4f60e73615906c3acc407b78ff720b3"},
    {file = "grpcio-1.27.2-cp27-cp27mu-manylinux2010_i686.whl", hash = "sha256:25c77692ea8c0929d4ad400ea9c3dcbcc4936cee84e437e0ef80da58fa73d88a"},
    {file = "grpcio-1.27.2-cp27-cp27mu-manylinux2010_x86_64.whl", hash = "sha256:5dab393ab96b2ce4012823b2f2ed4ee907150424d2f02b97bd6f8dd8f17cc866"},
    {file = "grpcio-1.27.2-cp35-cp35m-linux_armv7l.whl", hash = "sha256:bb2987eb3af9bcf46019be39b82c120c3d35639a95bc4ee2d08f36ecdf469345"},
    {file = "grpcio-1.27.2-cp35-cp35m-macosx_10_7_intel.whl", hash = "sha256:6f328a3faaf81a2546a3022b3dfc137cc6d50d81082dbc0c94d1678943f05df3"},
    {file = "grpcio-1.27.2-cp35-cp35m-manylinux1_i686.whl", hash = "sha256:5ebc13451246de82f130e8ee7e723e8d7ae1827f14b7b0218867667b1b12c88d"},
    {file = "grpcio-1.27.2-cp35-cp35m-manylinux1_x86_64.whl", hash = "sha256:355bd7d7ce5ff2917d217f0e8ddac568cb7403e1ce1639b35a924db7d13a39b6"},
    {file = "grpcio-1.27.2-cp35-cp35m-manylinux2010_i686.whl", hash = "sha256:d1e5563e3b7f844dbc48d709c9e4a75647e11d0387cc1fa0c861d3e9d34bc844"},
    {file = "grpcio-1.27.2-cp35-cp35m-manylinux2010_x86_64.whl", hash = "sha256:1ec8fc865d8da6d0713e2092a27eee344cd54628b2c2065a0e77fff94df4ae00"},
    {file = "grpcio-1.27.2-cp35-cp35m-win32.whl", hash = "sha256:706e2dea3de33b0d8884c4d35ecd5911b4ff04d0697c4138096666ce983671a6"},
    {file = "grpcio-1.27.2-cp35-cp35m-win_amd64.whl", hash = "sha256:d18b4c8cacbb141979bb44355ee5813dd4d307e9d79b3a36d66eca7e0a203df8"},
    {file = "grpcio-1.27.2-cp36-cp36m-linux_armv7l.whl", hash = "sha256:02aef8ef1a5ac5f0836b543e462eb421df6048a7974211a906148053b8055ea6"},
    {file = "grpcio-1.27.2-cp36-cp36m-macosx_10_9_x86_64.whl", hash = "sha256:b78af4d42985ab3143d9882d0006f48d12f1bc4ba88e78f23762777c3ee64571"},
    {file = "grpcio-1.27.2-cp36-cp36m-manylinux1_i686.whl", hash = "sha256:9c0669ba9aebad540fb05a33beb7e659ea6e5ca35833fc5229c20f057db760e8"},
    {file = "grpcio-1.27.2-cp36-cp36m-manylinux1_x86_64.whl", hash = "sha256:68a149a0482d0bc697aac702ec6efb9d380e0afebf9484db5b7e634146528371"},
    {file = "grpcio-1.27.2-cp36-cp36m-manylinux2010_i686.whl", hash = "sha256:a71138366d57901597bfcc52af7f076ab61c046f409c7b429011cd68de8f9fe6"},
    {file = "grpcio-1.27.2-cp36-cp36m-manylinux2010_x86_64.whl", hash = "sha256:9e9cfe55dc7ac2aa47e0fd3285ff829685f96803197042c9d2f0fb44e4b39b2c"},
    {file = "grpcio-1.27.2-cp36-cp36m-win32.whl", hash = "sha256:d22c897b65b1408509099f1c3334bd3704f5e4eb7c0486c57d0e212f71cb8f54"},
    {file = "grpcio-1.27.2-cp36-cp36m-win_amd64.whl", hash = "sha256:c59b9280284b791377b3524c8e39ca7b74ae2881ba1a6c51b36f4f1bb94cee49"},
    {file = "grpcio-1.27.2-cp37-cp37m-macosx_10_9_x86_64.whl", hash = "sha256:6e545908bcc2ae28e5b190ce3170f92d0438cf26a82b269611390114de0106eb"},
    {file = "grpcio-1.27.2-cp37-cp37m-manylinux1_i686.whl", hash = "sha256:6db7ded10b82592c472eeeba34b9f12d7b0ab1e2dcad12f081b08ebdea78d7d6"},
    {file = "grpcio-1.27.2-cp37-cp37m-manylinux1_x86_64.whl", hash = "sha256:4d3b6e66f32528bf43ca2297caca768280a8e068820b1c3dca0fcf9f03c7d6f1"},
    {file = "grpcio-1.27.2-cp37-cp37m-manylinux2010_i686.whl", hash = "sha256:586d931736912865c9790c60ca2db29e8dc4eace160d5a79fec3e58df79a9386"},
    {file = "grpcio-1.27.2-cp37-cp37m-manylinux2010_x86_64.whl", hash = "sha256:c03ce53690fe492845e14f4ab7e67d5a429a06db99b226b5c7caa23081c1e2bb"},
    {file = "grpcio-1.27.2-cp37-cp37m-win32.whl", hash = "sha256:209927e65395feb449783943d62a3036982f871d7f4045fadb90b2d82b153ea8"},
    {file = "grpcio-1.27.2-cp37-cp37m-win_amd64.whl", hash = "sha256:9713578f187fb1c4d00ac554fe1edcc6b3ddd62f5d4eb578b81261115802df8e"},
    {file = "grpcio-1.27.2-cp38-cp38-macosx_10_9_x86_64.whl", hash = "sha256:b4efde5524579a9ce0459ca35a57a48ca878a4973514b8bb88cb80d7c9d34c85"},
    {file = "grpcio-1.27.2-cp38-cp38-manylinux1_i686.whl", hash = "sha256:fb62996c61eeff56b59ab8abfcaa0859ec2223392c03d6085048b576b567459b"},
    {file = "grpcio-1.27.2-cp38-cp38-manylinux1_x86_64.whl", hash = "sha256:a22daaf30037b8e59d6968c76fe0f7ff062c976c7a026e92fbefc4c4bf3fc5a4"},
    {file = "grpcio-1.27.2-cp38-cp38-manylinux2010_i686.whl", hash = "sha256:4a0a33ada3f6f94f855f92460896ef08c798dcc5f17d9364d1735c5adc9d7e4a"},
    {file = "grpcio-1.27.2-cp38-cp38-manylinux2010_x86_64.whl", hash = "sha256:8111b61eee12d7af5c58f82f2c97c2664677a05df9225ef5cbc2f25398c8c454"},
    {file = "grpcio-1.27.2-cp38-cp38-win32.whl", hash = "sha256:5121fa96c79fc0ec81825091d0be5c16865f834f41b31da40b08ee60552f9961"},
    {file = "grpcio-1.27.2-cp38-cp38-win_amd64.whl", hash = "sha256:1cff47297ee614e7ef66243dc34a776883ab6da9ca129ea114a802c5e58af5c1"},
    {file = "grpcio-1.27.2.tar.gz", hash = "sha256:5ae532b93cf9ce5a2a549b74a2c35e3b690b171ece9358519b3039c7b84c887e"},
]
idna = [
    {file = "idna-2.9-py2.py3-none-any.whl", hash = "sha256:a068a21ceac8a4d63dbfd964670474107f541babbd2250d61922f029858365fa"},
    {file = "idna-2.9.tar.gz", hash = "sha256:7588d1c14ae4c77d74036e8c22ff447b26d0fde8f007354fd48a7814db15b7cb"},
]
isodate = [
    {file = "isodate-0.6.0-py2.py3-none-any.whl", hash = "sha256:aa4d33c06640f5352aca96e4b81afd8ab3b47337cc12089822d6f322ac772c81"},
    {file = "isodate-0.6.0.tar.gz", hash = "sha256:2e364a3d5759479cdb2d37cce6b9376ea504db2ff90252a2e5b7cc89cc9ff2d8"},
]
msrest = [
    {file = "msrest-0.6.11-py2.py3-none-any.whl", hash = "sha256:57eba26bd09d839d8f9133aea4b632d3216902efedf580b1a757c67b6538fb2c"},
    {file = "msrest-0.6.11.tar.gz", hash = "sha256:40faff88e151d393e29512e58b27d141974d6a963e63e4a340fc0ceb13c15f37"},
]
msrestazure = [
    {file = "msrestazure-0.6.2-py2.py3-none-any.whl", hash = "sha256:63db9f646fffc9244b332090e679d1e5f283ac491ee0cc321f5116f9450deb4a"},
    {file = "msrestazure-0.6.2.tar.gz", hash = "sha256:fecb6a72a3eb5483e4deff38210d26ae42d3f6d488a7a275bd2423a1a014b22c"},
]
oauthlib = [
    {file = "oauthlib-3.1.0-py2.py3-none-any.whl", hash = "sha256:df884cd6cbe20e32633f1db1072e9356f53638e4361bef4e8b03c9127c9328ea"},
    {file = "oauthlib-3.1.0.tar.gz", hash = "sha256:bee41cc35fcca6e988463cacc3bcb8a96224f470ca547e697b604cc697b2f889"},
]
parver = [
    {file = "parver-0.3.0-py2.py3-none-any.whl", hash = "sha256:bb9d19637c17819e276b5cf04e2dbfb81c4e2136da8873cc70dcd0e4fd3d14a3"},
    {file = "parver-0.3.0.tar.gz", hash = "sha256:b57d94e6f389f9db399bfc3ee4c4066f4cfb374ffef5727d5ae6a9c04eb8d228"},
]
protobuf = [
    {file = "protobuf-3.11.3-cp27-cp27m-macosx_10_9_x86_64.whl", hash = "sha256:ef2c2e56aaf9ee914d3dccc3408d42661aaf7d9bb78eaa8f17b2e6282f214481"},
    {file = "protobuf-3.11.3-cp27-cp27mu-manylinux1_x86_64.whl", hash = "sha256:dd9aa4401c36785ea1b6fff0552c674bdd1b641319cb07ed1fe2392388e9b0d7"},
    {file = "protobuf-3.11.3-cp35-cp35m-macosx_10_9_intel.whl", hash = "sha256:310a7aca6e7f257510d0c750364774034272538d51796ca31d42c3925d12a52a"},
    {file = "protobuf-3.11.3-cp35-cp35m-manylinux1_x86_64.whl", hash = "sha256:e512b7f3a4dd780f59f1bf22c302740e27b10b5c97e858a6061772668cd6f961"},
    {file = "protobuf-3.11.3-cp35-cp35m-win32.whl", hash = "sha256:fdfb6ad138dbbf92b5dbea3576d7c8ba7463173f7d2cb0ca1bd336ec88ddbd80"},
    {file = "protobuf-3.11.3-cp35-cp35m-win_amd64.whl", hash = "sha256:e2f8a75261c26b2f5f3442b0525d50fd79a71aeca04b5ec270fc123536188306"},
    {file = "protobuf-3.11.3-cp36-cp36m-macosx_10_9_x86_64.whl", hash = "sha256:c40973a0aee65422d8cb4e7d7cbded95dfeee0199caab54d5ab25b63bce8135a"},
    {file = "protobuf-3.11.3-cp36-cp36m-manylinux1_x86_64.whl", hash = "sha256:adf0e4d57b33881d0c63bb11e7f9038f98ee0c3e334c221f0858f826e8fb0151"},
    {file = "protobuf-3.11.3-cp36-cp36m-win32.whl", hash = "sha256:0bae429443cc4748be2aadfdaf9633297cfaeb24a9a02d0ab15849175ce90fab"},
    {file = "protobuf-3.11.3-cp36-cp36m-win_amd64.whl", hash = "sha256:e11df1ac6905e81b815ab6fd518e79be0a58b5dc427a2cf7208980f30694b956"},
    {file = "protobuf-3.11.3-cp37-cp37m-macosx_10_9_x86_64.whl", hash = "sha256:7774bbbaac81d3ba86de646c39f154afc8156717972bf0450c9dbfa1dc8dbea2"},
    {file = "protobuf-3.11.3-cp37-cp37m-manylinux1_x86_64.whl", hash = "sha256:8eb9c93798b904f141d9de36a0ba9f9b73cc382869e67c9e642c0aba53b0fc07"},
    {file = "protobuf-3.11.3-cp37-cp37m-win32.whl", hash = "sha256:fac513a9dc2a74b99abd2e17109b53945e364649ca03d9f7a0b96aa8d1807d0a"},
    {file = "protobuf-3.11.3-cp37-cp37m-win_amd64.whl", hash = "sha256:82d7ac987715d8d1eb4068bf997f3053468e0ce0287e2729c30601feb6602fee"},
    {file = "protobuf-3.11.3-cp38-cp38-macosx_10_9_x86_64.whl", hash = "sha256:73152776dc75f335c476d11d52ec6f0f6925774802cd48d6189f4d5d7fe753f4"},
    {file = "protobuf-3.11.3-cp38-cp38-manylinux1_x86_64.whl", hash = "sha256:52e586072612c1eec18e1174f8e3bb19d08f075fc2e3f91d3b16c919078469d0"},
    {file = "protobuf-3.11.3-py2.7.egg", hash = "sha256:2affcaba328c4662f3bc3c0e9576ea107906b2c2b6422344cdad961734ff6b93"},
    {file = "protobuf-3.11.3-py2.py3-none-any.whl", hash = "sha256:24e3b6ad259544d717902777b33966a1a069208c885576254c112663e6a5bb0f"},
    {file = "protobuf-3.11.3.tar.gz", hash = "sha256:c77c974d1dadf246d789f6dad1c24426137c9091e930dbf50e0a29c1fcf00b1f"},
]
pulumi = [
    {file = "pulumi-1.12.1-py2.py3-none-any.whl", hash = "sha256:55b0f71851ea9afe95a06eace713dd6ea94436ce8675a93725ff88829dd2040f"},
]
pulumi-azure = [
    {file = "pulumi_azure-2.1.0.tar.gz", hash = "sha256:c0157c8bea5b3976eea75114ae969e3383d89aa44f92c93e1ee33124c48a6e66"},
]
pycodestyle = [
    {file = "pycodestyle-2.5.0-py2.py3-none-any.whl", hash = "sha256:95a2219d12372f05704562a14ec30bc76b05a5b297b21a5dfe3f6fac3491ae56"},
    {file = "pycodestyle-2.5.0.tar.gz", hash = "sha256:e40a936c9a450ad81df37f549d676d127b1b66000a6c500caa2b085bc0ca976c"},
]
pycparser = [
    {file = "pycparser-2.20-py2.py3-none-any.whl", hash = "sha256:7582ad22678f0fcd81102833f60ef8d0e57288b6b5fb00323d101be910e35705"},
    {file = "pycparser-2.20.tar.gz", hash = "sha256:2d475327684562c3a96cc71adf7dc8c4f0565175cf86b6d7a404ff4c771f15f0"},
]
pyjwt = [
    {file = "PyJWT-1.7.1-py2.py3-none-any.whl", hash = "sha256:5c6eca3c2940464d106b99ba83b00c6add741c9becaec087fb7ccdefea71350e"},
    {file = "PyJWT-1.7.1.tar.gz", hash = "sha256:8d59a976fb773f3e6a39c85636357c4f0e242707394cadadd9814f5cbaa20e96"},
]
python-dateutil = [
    {file = "python-dateutil-2.8.1.tar.gz", hash = "sha256:73ebfe9dbf22e832286dafa60473e4cd239f8592f699aa5adaf10050e6e1823c"},
    {file = "python_dateutil-2.8.1-py2.py3-none-any.whl", hash = "sha256:75bb3f31ea686f1197762692a9ee6a7550b59fc6ca3a1f4b5d7e32fb98e2da2a"},
]
requests = [
    {file = "requests-2.23.0-py2.py3-none-any.whl", hash = "sha256:43999036bfa82904b6af1d99e4882b560e5e2c68e5c4b0aa03b655f3d7d73fee"},
    {file = "requests-2.23.0.tar.gz", hash = "sha256:b3f43d496c6daba4493e7c431722aeb7dbc6288f52a6e04e7b6023b0247817e6"},
]
requests-oauthlib = [
    {file = "requests-oauthlib-1.3.0.tar.gz", hash = "sha256:b4261601a71fd721a8bd6d7aa1cc1d6a8a93b4a9f5e96626f8e4d91e8beeaa6a"},
    {file = "requests_oauthlib-1.3.0-py2.py3-none-any.whl", hash = "sha256:7f71572defaecd16372f9006f33c2ec8c077c3cfa6f5911a9a90202beb513f3d"},
    {file = "requests_oauthlib-1.3.0-py3.7.egg", hash = "sha256:fa6c47b933f01060936d87ae9327fead68768b69c6c9ea2109c48be30f2d4dbc"},
]
semver = [
    {file = "semver-2.9.1-py2.py3-none-any.whl", hash = "sha256:095c3cba6d5433f21451101463b22cf831fe6996fcc8a603407fd8bea54f116b"},
    {file = "semver-2.9.1.tar.gz", hash = "sha256:723be40c74b6468861e0e3dbb80a41fc3b171a2a45bf956c245304773dc06055"},
]
six = [
    {file = "six-1.14.0-py2.py3-none-any.whl", hash = "sha256:8f3cd2e254d8f793e7f3d6d9df77b92252b52637291d0f0da013c76ea2724b6c"},
    {file = "six-1.14.0.tar.gz", hash = "sha256:236bdbdce46e6e6a3d61a337c0f8b763ca1e8717c03b369e87a7ec7ce1319c0a"},
]
uamqp = [
    {file = "uamqp-1.2.6-cp27-cp27m-macosx_10_6_intel.whl", hash = "sha256:e820215910846e2337bac3d5e7e14b3b87db8404a295aa5c5ed2b95e72c2b3a9"},
    {file = "uamqp-1.2.6-cp27-cp27m-manylinux1_x86_64.whl", hash = "sha256:76703693b5371af85120d93b0a0ead3c5d1ad3e2fa9b6c3ed8db22870c40e975"},
    {file = "uamqp-1.2.6-cp27-cp27m-win32.whl", hash = "sha256:556e1968be69682d5588802b6a3f7f4a2cc26daecc3ec1f9f200476e6dc43f71"},
    {file = "uamqp-1.2.6-cp27-cp27m-win_amd64.whl", hash = "sha256:7c1462df7784514e2e719b05968220dfb91aef153eef7d23aec1df51993bdb32"},
    {file = "uamqp-1.2.6-cp27-cp27mu-manylinux1_x86_64.whl", hash = "sha256:4a24ea838c2b01f5c77e259d71eb338d15e6ac135d2c4dfcdd076558e5e4f408"},
    {file = "uamqp-1.2.6-cp35-cp35m-macosx_10_6_intel.whl", hash = "sha256:96da40a34039b0827ad33dbfc4557f7d46de42e9ecef9e948a63772cb7ae21d0"},
    {file = "uamqp-1.2.6-cp35-cp35m-manylinux1_x86_64.whl", hash = "sha256:250ddd3a06190e4fb219f6a1184b3067f07fa033584dad0d6f0a74c638350390"},
    {file = "uamqp-1.2.6-cp35-cp35m-win32.whl", hash = "sha256:99468c64bccd6dc0950b6042d08f91c85a21d87349f3865e25e5ce56669aefdc"},
    {file = "uamqp-1.2.6-cp35-cp35m-win_amd64.whl", hash = "sha256:de8dfeb64ae352ebed38f4986647445bf2ac5e7befe98ae5e668d88f8327f8a4"},
    {file = "uamqp-1.2.6-cp36-cp36m-macosx_10_6_intel.whl", hash = "sha256:ee81a9352cbcc042b25cd1e273b44d7e40224e12ac7b3d8ba184e08afda57d47"},
    {file = "uamqp-1.2.6-cp36-cp36m-manylinux1_x86_64.whl", hash = "sha256:00b9a510c06375419fc28f63e9cc94f090cba1c3f9a45d792f01b512f4621587"},
    {file = "uamqp-1.2.6-cp36-cp36m-win32.whl", hash = "sha256:d366471b371c36b19b02e15eba9f0def52b4bf2d6b89f576c4a9c7061caed53d"},
    {file = "uamqp-1.2.6-cp36-cp36m-win_amd64.whl", hash = "sha256:b2e6231c5cfd9d9b88b70b394c229f4359e9923a8e24f8191a03ec69dfe6f98f"},
    {file = "uamqp-1.2.6-cp37-cp37m-macosx_10_6_intel.whl", hash = "sha256:c822a9b2a1dd3f1b45e093a486e784af143db82f77990d5e6634773cbec74682"},
    {file = "uamqp-1.2.6-cp37-cp37m-manylinux1_x86_64.whl", hash = "sha256:0d813f368c092a1488fb30f6a57a272bcf8370035edb00d9192c5f13e5572067"},
    {file = "uamqp-1.2.6-cp37-cp37m-win32.whl", hash = "sha256:e72cc4bb61562e9d004d69232ce0445ba318155179b2c68fd2d64db1324c437c"},
    {file = "uamqp-1.2.6-cp37-cp37m-win_amd64.whl", hash = "sha256:64d6025b95f45f60b49204b328a75dcfd90251f753118e5035449bbbf7c34be8"},
    {file = "uamqp-1.2.6-cp38-cp38-macosx_10_9_x86_64.whl", hash = "sha256:da753031e3e9866d65db63f0be17b8ec8a5f27ac7193991a07ae256cfc3e0c2a"},
    {file = "uamqp-1.2.6-cp38-cp38-manylinux1_x86_64.whl", hash = "sha256:689cacc5f6e088e94c5e55b62a3ff71ddd23d67776cdd3d1f792dc71017d9dc9"},
    {file = "uamqp-1.2.6-cp38-cp38-win32.whl", hash = "sha256:c61487092bef24d48c4574e2d4e8a24192712226886ed98a544b62c6e70d7380"},
    {file = "uamqp-1.2.6-cp38-cp38-win_amd64.whl", hash = "sha256:57d41d6d8cc275341d40a7f8d84aa51225008b87c96cec9361fad32787120a87"},
    {file = "uamqp-1.2.6.tar.gz", hash = "sha256:bf41ce71c8f4e50f6a6ab21ec50deb17d92b7c68ac0481dbc81b3dc30a92efdf"},
]
urllib3 = [
    {file = "urllib3-1.25.8-py2.py3-none-any.whl", hash = "sha256:2f3db8b19923a873b3e5256dc9c2dedfa883e33d87c690d9c7913e1f40673cdc"},
    {file = "urllib3-1.25.8.tar.gz", hash = "sha256:87716c2d2a7121198ebcb7ce7cccf6ce5e9ba539041cfbaeecfb641dc0bf6acc"},
]
